{
  "originHash" : "3e97f0692fad6ea34f4a3ad5e4e24138c2b5df09b5c717e5eca6de376b63836e",
  "pins" : [
    {
      "identity" : "deepdotssdk-spm",
      "kind" : "remoteSourceControl",
      "location" : "https://github.com/MagicFeedback/DeepdotsSDK-SPM",
      "state" : {
        "revision" : "39e8d3e4f9e5ee1d02dfb03fe1e03094fb59308f",
        "version" : "0.1.3"
      }
    }
  ],
  "version" : 3
}
